# This file is automatically @generated by Cargo.
# It is not intended for manual editing.
version = 4

[[package]]
name = "vuwr"
version = "0.1.0"
dependencies = [
 "vuwr-core",
 "vuwr-gui",
 "vuwr-tui",
]

[[package]]
name = "vuwr-core"
version = "0.1.0"

[[package]]
name = "vuwr-gui"
version = "0.1.0"
dependencies = [
 "vuwr-core",
]

[[package]]
name = "vuwr-tui"
version = "0.1.0"
dependencies = [
 "vuwr-core",
]
